
Microsoft Visual Studio Solution File, Format Version 12.00
# Visual Studio 2013
VisualStudioVersion = 12.0.21005.1
MinimumVisualStudioVersion = 10.0.40219.1
Project("{8BC9CEB8-8B4A-11D0-8D11-00A0C91BC942}") = "My_CP", "My_CP\My_CP.vcxproj", "{03695FBE-BF60-410C-8F53-F36A0DC74474}"
EndProject
Project("{2150E333-8FDC-42A3-9474-1A3956D46DE8}") = "Solution Items", "Solution Items", "{33C307D7-AFB9-461E-9839-D7A6A98F5F46}"
	ProjectSection(SolutionItems) = preProject
		Performance1.psess = Performance1.psess
		Performance2.psess = Performance2.psess
	EndProjectSection
EndProject
Project("{8BC9CEB8-8B4A-11D0-8D11-00A0C91BC942}") = "LogicClasses", "LogicClasses\LogicClasses.vcxproj", "{FE51C782-9362-4ACD-941A-36C46841DB95}"
EndProject
Global
	GlobalSection(SolutionConfigurationPlatforms) = preSolution
		Debug|Win32 = Debug|Win32
		Release|Win32 = Release|Win32
	EndGlobalSection
	GlobalSection(ProjectConfigurationPlatforms) = postSolution
		{03695FBE-BF60-410C-8F53-F36A0DC74474}.Debug|Win32.ActiveCfg = Debug|Win32
		{03695FBE-BF60-410C-8F53-F36A0DC74474}.Debug|Win32.Build.0 = Debug|Win32
		{03695FBE-BF60-410C-8F53-F36A0DC74474}.Release|Win32.ActiveCfg = Release|Win32
		{03695FBE-BF60-410C-8F53-F36A0DC74474}.Release|Win32.Build.0 = Release|Win32
		{FE51C782-9362-4ACD-941A-36C46841DB95}.Debug|Win32.ActiveCfg = Debug|Win32
		{FE51C782-9362-4ACD-941A-36C46841DB95}.Debug|Win32.Build.0 = Debug|Win32
		{FE51C782-9362-4ACD-941A-36C46841DB95}.Release|Win32.ActiveCfg = Release|Win32
		{FE51C782-9362-4ACD-941A-36C46841DB95}.Release|Win32.Build.0 = Release|Win32
	EndGlobalSection
	GlobalSection(SolutionProperties) = preSolution
		HideSolutionNode = FALSE
	EndGlobalSection
	GlobalSection(Performance) = preSolution
		HasPerformanceSessions = true
	EndGlobalSection
EndGlobal
